// !$*UTF8*$!
{
	archiveVersion = 1;
	classes = {
	};
	objectVersion = 46;
	objects = {

/* Begin PBXBuildFile section */
		6902356E1CF8969200FEC469 /* Assets.xcassets in Resources */ = {isa = PBXBuildFile; fileRef = 6902356D1CF8969200FEC469 /* Assets.xcassets */; };
		6902357C1CF8969200FEC469 /* zhengwutongTests.m in Sources */ = {isa = PBXBuildFile; fileRef = 6902357B1CF8969200FEC469 /* zhengwutongTests.m */; };
		690235871CF8969200FEC469 /* zhengwutongUITests.m in Sources */ = {isa = PBXBuildFile; fileRef = 690235861CF8969200FEC469 /* zhengwutongUITests.m */; };
		690235AF1CF8F8D600FEC469 /* AppDelegate.m in Sources */ = {isa = PBXBuildFile; fileRef = 690235A81CF8F8D600FEC469 /* AppDelegate.m */; };
		690235B01CF8F8D600FEC469 /* AppDelegate.m in Sources */ = {isa = PBXBuildFile; fileRef = 690235A81CF8F8D600FEC469 /* AppDelegate.m */; };
		690235B11CF8F8D600FEC469 /* main.m in Sources */ = {isa = PBXBuildFile; fileRef = 690235A91CF8F8D600FEC469 /* main.m */; };
		690235B21CF8F8D600FEC469 /* main.m in Sources */ = {isa = PBXBuildFile; fileRef = 690235A91CF8F8D600FEC469 /* main.m */; };
		690235B31CF8F8D600FEC469 /* main.m in Sources */ = {isa = PBXBuildFile; fileRef = 690235A91CF8F8D600FEC469 /* main.m */; };
		690235C01CF8F91500FEC469 /* ZWTTabBarController.m in Sources */ = {isa = PBXBuildFile; fileRef = 690235B71CF8F91500FEC469 /* ZWTTabBarController.m */; };
		690235C11CF8F91500FEC469 /* ZWTTabBarController.m in Sources */ = {isa = PBXBuildFile; fileRef = 690235B71CF8F91500FEC469 /* ZWTTabBarController.m */; };
		690235C21CF8F91500FEC469 /* ZWTTabBarController.m in Sources */ = {isa = PBXBuildFile; fileRef = 690235B71CF8F91500FEC469 /* ZWTTabBarController.m */; };
		690235C31CF8F91500FEC469 /* ZWTBadgeView.m in Sources */ = {isa = PBXBuildFile; fileRef = 690235BB1CF8F91500FEC469 /* ZWTBadgeView.m */; };
		690235C41CF8F91500FEC469 /* ZWTBadgeView.m in Sources */ = {isa = PBXBuildFile; fileRef = 690235BB1CF8F91500FEC469 /* ZWTBadgeView.m */; };
		690235C51CF8F91500FEC469 /* ZWTBadgeView.m in Sources */ = {isa = PBXBuildFile; fileRef = 690235BB1CF8F91500FEC469 /* ZWTBadgeView.m */; };
		690235C61CF8F91500FEC469 /* ZWTTabBar.m in Sources */ = {isa = PBXBuildFile; fileRef = 690235BD1CF8F91500FEC469 /* ZWTTabBar.m */; };
		690235C71CF8F91500FEC469 /* ZWTTabBar.m in Sources */ = {isa = PBXBuildFile; fileRef = 690235BD1CF8F91500FEC469 /* ZWTTabBar.m */; };
		690235C81CF8F91500FEC469 /* ZWTTabBar.m in Sources */ = {isa = PBXBuildFile; fileRef = 690235BD1CF8F91500FEC469 /* ZWTTabBar.m */; };
		690235C91CF8F91500FEC469 /* ZWTTabbarButton.m in Sources */ = {isa = PBXBuildFile; fileRef = 690235BF1CF8F91500FEC469 /* ZWTTabbarButton.m */; };
		690235CA1CF8F91500FEC469 /* ZWTTabbarButton.m in Sources */ = {isa = PBXBuildFile; fileRef = 690235BF1CF8F91500FEC469 /* ZWTTabbarButton.m */; };
		690235CB1CF8F91500FEC469 /* ZWTTabbarButton.m in Sources */ = {isa = PBXBuildFile; fileRef = 690235BF1CF8F91500FEC469 /* ZWTTabbarButton.m */; };
		690235D11CF8FB4000FEC469 /* UIImage+TX.m in Sources */ = {isa = PBXBuildFile; fileRef = 690235D01CF8FB4000FEC469 /* UIImage+TX.m */; };
		690235D21CF8FB4000FEC469 /* UIImage+TX.m in Sources */ = {isa = PBXBuildFile; fileRef = 690235D01CF8FB4000FEC469 /* UIImage+TX.m */; };
		690235D31CF8FB4000FEC469 /* UIImage+TX.m in Sources */ = {isa = PBXBuildFile; fileRef = 690235D01CF8FB4000FEC469 /* UIImage+TX.m */; };
		690235D81CF8FE5400FEC469 /* ZWTCurriculumTableViewController.m in Sources */ = {isa = PBXBuildFile; fileRef = 690235D61CF8FE5400FEC469 /* ZWTCurriculumTableViewController.m */; };
		690235D91CF8FE5400FEC469 /* ZWTCurriculumTableViewController.m in Sources */ = {isa = PBXBuildFile; fileRef = 690235D61CF8FE5400FEC469 /* ZWTCurriculumTableViewController.m */; };
		690235DA1CF8FE5400FEC469 /* ZWTCurriculumTableViewController.m in Sources */ = {isa = PBXBuildFile; fileRef = 690235D61CF8FE5400FEC469 /* ZWTCurriculumTableViewController.m */; };
		690235DB1CF8FE5400FEC469 /* ZWTCurriculumTableViewController.xib in Resources */ = {isa = PBXBuildFile; fileRef = 690235D71CF8FE5400FEC469 /* ZWTCurriculumTableViewController.xib */; };
		690235DC1CF8FE5400FEC469 /* ZWTCurriculumTableViewController.xib in Resources */ = {isa = PBXBuildFile; fileRef = 690235D71CF8FE5400FEC469 /* ZWTCurriculumTableViewController.xib */; };
		690235DD1CF8FE5400FEC469 /* ZWTCurriculumTableViewController.xib in Resources */ = {isa = PBXBuildFile; fileRef = 690235D71CF8FE5400FEC469 /* ZWTCurriculumTableViewController.xib */; };
		690235E11CF8FEC100FEC469 /* ZWTInteractionTableViewController.m in Sources */ = {isa = PBXBuildFile; fileRef = 690235DF1CF8FEC100FEC469 /* ZWTInteractionTableViewController.m */; };
		690235E21CF8FEC100FEC469 /* ZWTInteractionTableViewController.m in Sources */ = {isa = PBXBuildFile; fileRef = 690235DF1CF8FEC100FEC469 /* ZWTInteractionTableViewController.m */; };
		690235E31CF8FEC100FEC469 /* ZWTInteractionTableViewController.m in Sources */ = {isa = PBXBuildFile; fileRef = 690235DF1CF8FEC100FEC469 /* ZWTInteractionTableViewController.m */; };
		690235E41CF8FEC100FEC469 /* ZWTInteractionTableViewController.xib in Resources */ = {isa = PBXBuildFile; fileRef = 690235E01CF8FEC100FEC469 /* ZWTInteractionTableViewController.xib */; };
		690235E51CF8FEC100FEC469 /* ZWTInteractionTableViewController.xib in Resources */ = {isa = PBXBuildFile; fileRef = 690235E01CF8FEC100FEC469 /* ZWTInteractionTableViewController.xib */; };
		690235E61CF8FEC100FEC469 /* ZWTInteractionTableViewController.xib in Resources */ = {isa = PBXBuildFile; fileRef = 690235E01CF8FEC100FEC469 /* ZWTInteractionTableViewController.xib */; };
		690235EA1CF8FEEA00FEC469 /* ZWTNotificationTableViewController.m in Sources */ = {isa = PBXBuildFile; fileRef = 690235E81CF8FEEA00FEC469 /* ZWTNotificationTableViewController.m */; };
		690235EB1CF8FEEA00FEC469 /* ZWTNotificationTableViewController.m in Sources */ = {isa = PBXBuildFile; fileRef = 690235E81CF8FEEA00FEC469 /* ZWTNotificationTableViewController.m */; };
		690235EC1CF8FEEA00FEC469 /* ZWTNotificationTableViewController.m in Sources */ = {isa = PBXBuildFile; fileRef = 690235E81CF8FEEA00FEC469 /* ZWTNotificationTableViewController.m */; };
		690235ED1CF8FEEA00FEC469 /* ZWTNotificationTableViewController.xib in Resources */ = {isa = PBXBuildFile; fileRef = 690235E91CF8FEEA00FEC469 /* ZWTNotificationTableViewController.xib */; };
		690235EE1CF8FEEA00FEC469 /* ZWTNotificationTableViewController.xib in Resources */ = {isa = PBXBuildFile; fileRef = 690235E91CF8FEEA00FEC469 /* ZWTNotificationTableViewController.xib */; };
		690235EF1CF8FEEA00FEC469 /* ZWTNotificationTableViewController.xib in Resources */ = {isa = PBXBuildFile; fileRef = 690235E91CF8FEEA00FEC469 /* ZWTNotificationTableViewController.xib */; };
		690235F31CF8FEFE00FEC469 /* ZWTSearchTableViewController.m in Sources */ = {isa = PBXBuildFile; fileRef = 690235F11CF8FEFE00FEC469 /* ZWTSearchTableViewController.m */; };
		690235F41CF8FEFE00FEC469 /* ZWTSearchTableViewController.m in Sources */ = {isa = PBXBuildFile; fileRef = 690235F11CF8FEFE00FEC469 /* ZWTSearchTableViewController.m */; };
		690235F51CF8FEFE00FEC469 /* ZWTSearchTableViewController.m in Sources */ = {isa = PBXBuildFile; fileRef = 690235F11CF8FEFE00FEC469 /* ZWTSearchTableViewController.m */; };
		690235F61CF8FEFE00FEC469 /* ZWTSearchTableViewController.xib in Resources */ = {isa = PBXBuildFile; fileRef = 690235F21CF8FEFE00FEC469 /* ZWTSearchTableViewController.xib */; };
		690235F71CF8FEFE00FEC469 /* ZWTSearchTableViewController.xib in Resources */ = {isa = PBXBuildFile; fileRef = 690235F21CF8FEFE00FEC469 /* ZWTSearchTableViewController.xib */; };
		690235F81CF8FEFE00FEC469 /* ZWTSearchTableViewController.xib in Resources */ = {isa = PBXBuildFile; fileRef = 690235F21CF8FEFE00FEC469 /* ZWTSearchTableViewController.xib */; };
		690235FA1CF902A700FEC469 /* AppDelegate.m in Sources */ = {isa = PBXBuildFile; fileRef = 690235A81CF8F8D600FEC469 /* AppDelegate.m */; };
/* End PBXBuildFile section */

/* Begin PBXContainerItemProxy section */
		690235781CF8969200FEC469 /* PBXContainerItemProxy */ = {
			isa = PBXContainerItemProxy;
			containerPortal = 690235561CF8969200FEC469 /* Project object */;
			proxyType = 1;
			remoteGlobalIDString = 6902355D1CF8969200FEC469;
			remoteInfo = zhengwutong;
		};
		690235831CF8969200FEC469 /* PBXContainerItemProxy */ = {
			isa = PBXContainerItemProxy;
			containerPortal = 690235561CF8969200FEC469 /* Project object */;
			proxyType = 1;
			remoteGlobalIDString = 6902355D1CF8969200FEC469;
			remoteInfo = zhengwutong;
		};
/* End PBXContainerItemProxy section */

/* Begin PBXFileReference section */
		6902355E1CF8969200FEC469 /* zhengwutong.app */ = {isa = PBXFileReference; explicitFileType = wrapper.application; includeInIndex = 0; path = zhengwutong.app; sourceTree = BUILT_PRODUCTS_DIR; };
		690235621CF8969200FEC469 /* main.m */ = {isa = PBXFileReference; lastKnownFileType = sourcecode.c.objc; path = main.m; sourceTree = "<group>"; };
		6902356D1CF8969200FEC469 /* Assets.xcassets */ = {isa = PBXFileReference; lastKnownFileType = folder.assetcatalog; path = Assets.xcassets; sourceTree = "<group>"; };
		690235721CF8969200FEC469 /* Info.plist */ = {isa = PBXFileReference; lastKnownFileType = text.plist.xml; path = Info.plist; sourceTree = "<group>"; };
		690235771CF8969200FEC469 /* zhengwutongTests.xctest */ = {isa = PBXFileReference; explicitFileType = wrapper.cfbundle; includeInIndex = 0; path = zhengwutongTests.xctest; sourceTree = BUILT_PRODUCTS_DIR; };
		6902357B1CF8969200FEC469 /* zhengwutongTests.m */ = {isa = PBXFileReference; lastKnownFileType = sourcecode.c.objc; path = zhengwutongTests.m; sourceTree = "<group>"; };
		6902357D1CF8969200FEC469 /* Info.plist */ = {isa = PBXFileReference; lastKnownFileType = text.plist.xml; path = Info.plist; sourceTree = "<group>"; };
		690235821CF8969200FEC469 /* zhengwutongUITests.xctest */ = {isa = PBXFileReference; explicitFileType = wrapper.cfbundle; includeInIndex = 0; path = zhengwutongUITests.xctest; sourceTree = BUILT_PRODUCTS_DIR; };
		690235861CF8969200FEC469 /* zhengwutongUITests.m */ = {isa = PBXFileReference; lastKnownFileType = sourcecode.c.objc; path = zhengwutongUITests.m; sourceTree = "<group>"; };
		690235881CF8969200FEC469 /* Info.plist */ = {isa = PBXFileReference; lastKnownFileType = text.plist.xml; path = Info.plist; sourceTree = "<group>"; };
		690235A71CF8F8D600FEC469 /* AppDelegate.h */ = {isa = PBXFileReference; fileEncoding = 4; lastKnownFileType = sourcecode.c.h; path = AppDelegate.h; sourceTree = "<group>"; };
		690235A81CF8F8D600FEC469 /* AppDelegate.m */ = {isa = PBXFileReference; fileEncoding = 4; lastKnownFileType = sourcecode.c.objc; path = AppDelegate.m; sourceTree = "<group>"; };
		690235A91CF8F8D600FEC469 /* main.m */ = {isa = PBXFileReference; fileEncoding = 4; lastKnownFileType = sourcecode.c.objc; path = main.m; sourceTree = "<group>"; };
		690235B61CF8F91500FEC469 /* ZWTTabBarController.h */ = {isa = PBXFileReference; fileEncoding = 4; lastKnownFileType = sourcecode.c.h; path = ZWTTabBarController.h; sourceTree = "<group>"; };
		690235B71CF8F91500FEC469 /* ZWTTabBarController.m */ = {isa = PBXFileReference; fileEncoding = 4; lastKnownFileType = sourcecode.c.objc; path = ZWTTabBarController.m; sourceTree = "<group>"; };
		690235BA1CF8F91500FEC469 /* ZWTBadgeView.h */ = {isa = PBXFileReference; fileEncoding = 4; lastKnownFileType = sourcecode.c.h; path = ZWTBadgeView.h; sourceTree = "<group>"; };
		690235BB1CF8F91500FEC469 /* ZWTBadgeView.m */ = {isa = PBXFileReference; fileEncoding = 4; lastKnownFileType = sourcecode.c.objc; path = ZWTBadgeView.m; sourceTree = "<group>"; };
		690235BC1CF8F91500FEC469 /* ZWTTabBar.h */ = {isa = PBXFileReference; fileEncoding = 4; lastKnownFileType = sourcecode.c.h; path = ZWTTabBar.h; sourceTree = "<group>"; };
		690235BD1CF8F91500FEC469 /* ZWTTabBar.m */ = {isa = PBXFileReference; fileEncoding = 4; lastKnownFileType = sourcecode.c.objc; path = ZWTTabBar.m; sourceTree = "<group>"; };
		690235BE1CF8F91500FEC469 /* ZWTTabbarButton.h */ = {isa = PBXFileReference; fileEncoding = 4; lastKnownFileType = sourcecode.c.h; path = ZWTTabbarButton.h; sourceTree = "<group>"; };
		690235BF1CF8F91500FEC469 /* ZWTTabbarButton.m */ = {isa = PBXFileReference; fileEncoding = 4; lastKnownFileType = sourcecode.c.objc; path = ZWTTabbarButton.m; sourceTree = "<group>"; };
		690235CF1CF8FB4000FEC469 /* UIImage+TX.h */ = {isa = PBXFileReference; fileEncoding = 4; lastKnownFileType = sourcecode.c.h; path = "UIImage+TX.h"; sourceTree = "<group>"; };
		690235D01CF8FB4000FEC469 /* UIImage+TX.m */ = {isa = PBXFileReference; fileEncoding = 4; lastKnownFileType = sourcecode.c.objc; path = "UIImage+TX.m"; sourceTree = "<group>"; };
		690235D41CF8FBE400FEC469 /* zhengwutong-Prifix.pch */ = {isa = PBXFileReference; fileEncoding = 4; lastKnownFileType = sourcecode.c.h; path = "zhengwutong-Prifix.pch"; sourceTree = "<group>"; };
		690235D51CF8FE5400FEC469 /* ZWTCurriculumTableViewController.h */ = {isa = PBXFileReference; fileEncoding = 4; lastKnownFileType = sourcecode.c.h; path = ZWTCurriculumTableViewController.h; sourceTree = "<group>"; };
		690235D61CF8FE5400FEC469 /* ZWTCurriculumTableViewController.m */ = {isa = PBXFileReference; fileEncoding = 4; lastKnownFileType = sourcecode.c.objc; path = ZWTCurriculumTableViewController.m; sourceTree = "<group>"; };
		690235D71CF8FE5400FEC469 /* ZWTCurriculumTableViewController.xib */ = {isa = PBXFileReference; fileEncoding = 4; lastKnownFileType = file.xib; path = ZWTCurriculumTableViewController.xib; sourceTree = "<group>"; };
		690235DE1CF8FEC100FEC469 /* ZWTInteractionTableViewController.h */ = {isa = PBXFileReference; fileEncoding = 4; lastKnownFileType = sourcecode.c.h; path = ZWTInteractionTableViewController.h; sourceTree = "<group>"; };
		690235DF1CF8FEC100FEC469 /* ZWTInteractionTableViewController.m */ = {isa = PBXFileReference; fileEncoding = 4; lastKnownFileType = sourcecode.c.objc; path = ZWTInteractionTableViewController.m; sourceTree = "<group>"; };
		690235E01CF8FEC100FEC469 /* ZWTInteractionTableViewController.xib */ = {isa = PBXFileReference; fileEncoding = 4; lastKnownFileType = file.xib; path = ZWTInteractionTableViewController.xib; sourceTree = "<group>"; };
		690235E71CF8FEEA00FEC469 /* ZWTNotificationTableViewController.h */ = {isa = PBXFileReference; fileEncoding = 4; lastKnownFileType = sourcecode.c.h; path = ZWTNotificationTableViewController.h; sourceTree = "<group>"; };
		690235E81CF8FEEA00FEC469 /* ZWTNotificationTableViewController.m */ = {isa = PBXFileReference; fileEncoding = 4; lastKnownFileType = sourcecode.c.objc; path = ZWTNotificationTableViewController.m; sourceTree = "<group>"; };
		690235E91CF8FEEA00FEC469 /* ZWTNotificationTableViewController.xib */ = {isa = PBXFileReference; fileEncoding = 4; lastKnownFileType = file.xib; path = ZWTNotificationTableViewController.xib; sourceTree = "<group>"; };
		690235F01CF8FEFE00FEC469 /* ZWTSearchTableViewController.h */ = {isa = PBXFileReference; fileEncoding = 4; lastKnownFileType = sourcecode.c.h; path = ZWTSearchTableViewController.h; sourceTree = "<group>"; };
		690235F11CF8FEFE00FEC469 /* ZWTSearchTableViewController.m */ = {isa = PBXFileReference; fileEncoding = 4; lastKnownFileType = sourcecode.c.objc; path = ZWTSearchTableViewController.m; sourceTree = "<group>"; };
		690235F21CF8FEFE00FEC469 /* ZWTSearchTableViewController.xib */ = {isa = PBXFileReference; fileEncoding = 4; lastKnownFileType = file.xib; path = ZWTSearchTableViewController.xib; sourceTree = "<group>"; };
/* End PBXFileReference section */

/* Begin PBXFrameworksBuildPhase section */
		6902355B1CF8969200FEC469 /* Frameworks */ = {
			isa = PBXFrameworksBuildPhase;
			buildActionMask = 2147483647;
			files = (
			);
			runOnlyForDeploymentPostprocessing = 0;
		};
		690235741CF8969200FEC469 /* Frameworks */ = {
			isa = PBXFrameworksBuildPhase;
			buildActionMask = 2147483647;
			files = (
			);
			runOnlyForDeploymentPostprocessing = 0;
		};
		6902357F1CF8969200FEC469 /* Frameworks */ = {
			isa = PBXFrameworksBuildPhase;
			buildActionMask = 2147483647;
			files = (
			);
			runOnlyForDeploymentPostprocessing = 0;
		};
/* End PBXFrameworksBuildPhase section */

/* Begin PBXGroup section */
		690235551CF8969200FEC469 = {
			isa = PBXGroup;
			children = (
				690235601CF8969200FEC469 /* zhengwutong */,
				6902357A1CF8969200FEC469 /* zhengwutongTests */,
				690235851CF8969200FEC469 /* zhengwutongUITests */,
				6902355F1CF8969200FEC469 /* Products */,
			);
			sourceTree = "<group>";
		};
		6902355F1CF8969200FEC469 /* Products */ = {
			isa = PBXGroup;
			children = (
				6902355E1CF8969200FEC469 /* zhengwutong.app */,
				690235771CF8969200FEC469 /* zhengwutongTests.xctest */,
				690235821CF8969200FEC469 /* zhengwutongUITests.xctest */,
			);
			name = Products;
			sourceTree = "<group>";
		};
		690235601CF8969200FEC469 /* zhengwutong */ = {
			isa = PBXGroup;
			children = (
				690235991CF8F8D600FEC469 /* Classes */,
				6902356D1CF8969200FEC469 /* Assets.xcassets */,
				690235721CF8969200FEC469 /* Info.plist */,
				690235611CF8969200FEC469 /* Supporting Files */,
			);
			path = zhengwutong;
			sourceTree = "<group>";
		};
		690235611CF8969200FEC469 /* Supporting Files */ = {
			isa = PBXGroup;
			children = (
				690235621CF8969200FEC469 /* main.m */,
			);
			name = "Supporting Files";
			sourceTree = "<group>";
		};
		6902357A1CF8969200FEC469 /* zhengwutongTests */ = {
			isa = PBXGroup;
			children = (
				6902357B1CF8969200FEC469 /* zhengwutongTests.m */,
				6902357D1CF8969200FEC469 /* Info.plist */,
			);
			path = zhengwutongTests;
			sourceTree = "<group>";
		};
		690235851CF8969200FEC469 /* zhengwutongUITests */ = {
			isa = PBXGroup;
			children = (
				690235861CF8969200FEC469 /* zhengwutongUITests.m */,
				690235881CF8969200FEC469 /* Info.plist */,
			);
			path = zhengwutongUITests;
			sourceTree = "<group>";
		};
		690235991CF8F8D600FEC469 /* Classes */ = {
			isa = PBXGroup;
			children = (
				6902359A1CF8F8D600FEC469 /* curriculum */,
				6902359E1CF8F8D600FEC469 /* interaction */,
				690235B41CF8F91500FEC469 /* main */,
				690235A21CF8F8D600FEC469 /* notification */,
				690235A61CF8F8D600FEC469 /* other */,
				690235AA1CF8F8D600FEC469 /* search */,
			);
			path = Classes;
			sourceTree = "<group>";
		};
		6902359A1CF8F8D600FEC469 /* curriculum */ = {
			isa = PBXGroup;
			children = (
				6902359B1CF8F8D600FEC469 /* controller */,
				6902359C1CF8F8D600FEC469 /* model */,
				6902359D1CF8F8D600FEC469 /* view */,
			);
			path = curriculum;
			sourceTree = "<group>";
		};
		6902359B1CF8F8D600FEC469 /* controller */ = {
			isa = PBXGroup;
			children = (
				690235D51CF8FE5400FEC469 /* ZWTCurriculumTableViewController.h */,
				690235D61CF8FE5400FEC469 /* ZWTCurriculumTableViewController.m */,
				690235D71CF8FE5400FEC469 /* ZWTCurriculumTableViewController.xib */,
			);
			path = controller;
			sourceTree = "<group>";
		};
		6902359C1CF8F8D600FEC469 /* model */ = {
			isa = PBXGroup;
			children = (
			);
			path = model;
			sourceTree = "<group>";
		};
		6902359D1CF8F8D600FEC469 /* view */ = {
			isa = PBXGroup;
			children = (
			);
			path = view;
			sourceTree = "<group>";
		};
		6902359E1CF8F8D600FEC469 /* interaction */ = {
			isa = PBXGroup;
			children = (
				6902359F1CF8F8D600FEC469 /* controller */,
				690235A01CF8F8D600FEC469 /* model */,
				690235A11CF8F8D600FEC469 /* view */,
			);
			path = interaction;
			sourceTree = "<group>";
		};
		6902359F1CF8F8D600FEC469 /* controller */ = {
			isa = PBXGroup;
			children = (
				690235DE1CF8FEC100FEC469 /* ZWTInteractionTableViewController.h */,
				690235DF1CF8FEC100FEC469 /* ZWTInteractionTableViewController.m */,
				690235E01CF8FEC100FEC469 /* ZWTInteractionTableViewController.xib */,
			);
			path = controller;
			sourceTree = "<group>";
		};
		690235A01CF8F8D600FEC469 /* model */ = {
			isa = PBXGroup;
			children = (
			);
			path = model;
			sourceTree = "<group>";
		};
		690235A11CF8F8D600FEC469 /* view */ = {
			isa = PBXGroup;
			children = (
			);
			path = view;
			sourceTree = "<group>";
		};
		690235A21CF8F8D600FEC469 /* notification */ = {
			isa = PBXGroup;
			children = (
				690235A31CF8F8D600FEC469 /* controller */,
				690235A41CF8F8D600FEC469 /* model */,
				690235A51CF8F8D600FEC469 /* view */,
			);
			path = notification;
			sourceTree = "<group>";
		};
		690235A31CF8F8D600FEC469 /* controller */ = {
			isa = PBXGroup;
			children = (
				690235E71CF8FEEA00FEC469 /* ZWTNotificationTableViewController.h */,
				690235E81CF8FEEA00FEC469 /* ZWTNotificationTableViewController.m */,
				690235E91CF8FEEA00FEC469 /* ZWTNotificationTableViewController.xib */,
			);
			path = controller;
			sourceTree = "<group>";
		};
		690235A41CF8F8D600FEC469 /* model */ = {
			isa = PBXGroup;
			children = (
			);
			path = model;
			sourceTree = "<group>";
		};
		690235A51CF8F8D600FEC469 /* view */ = {
			isa = PBXGroup;
			children = (
			);
			path = view;
			sourceTree = "<group>";
		};
		690235A61CF8F8D600FEC469 /* other */ = {
			isa = PBXGroup;
			children = (
				690235A71CF8F8D600FEC469 /* AppDelegate.h */,
				690235A81CF8F8D600FEC469 /* AppDelegate.m */,
				690235CE1CF8FB4000FEC469 /* Category */,
				690235A91CF8F8D600FEC469 /* main.m */,
				690235D41CF8FBE400FEC469 /* zhengwutong-Prifix.pch */,
			);
			path = other;
			sourceTree = "<group>";
		};
		690235AA1CF8F8D600FEC469 /* search */ = {
			isa = PBXGroup;
			children = (
				690235AB1CF8F8D600FEC469 /* controller */,
				690235AC1CF8F8D600FEC469 /* model */,
				690235AD1CF8F8D600FEC469 /* view */,
			);
			path = search;
			sourceTree = "<group>";
		};
		690235AB1CF8F8D600FEC469 /* controller */ = {
			isa = PBXGroup;
			children = (
				690235F01CF8FEFE00FEC469 /* ZWTSearchTableViewController.h */,
				690235F11CF8FEFE00FEC469 /* ZWTSearchTableViewController.m */,
				690235F21CF8FEFE00FEC469 /* ZWTSearchTableViewController.xib */,
			);
			path = controller;
			sourceTree = "<group>";
		};
		690235AC1CF8F8D600FEC469 /* model */ = {
			isa = PBXGroup;
			children = (
			);
			path = model;
			sourceTree = "<group>";
		};
		690235AD1CF8F8D600FEC469 /* view */ = {
			isa = PBXGroup;
			children = (
			);
			path = view;
			sourceTree = "<group>";
		};
		690235B41CF8F91500FEC469 /* main */ = {
			isa = PBXGroup;
			children = (
				690235B51CF8F91500FEC469 /* controller */,
				690235B81CF8F91500FEC469 /* model */,
				690235B91CF8F91500FEC469 /* view */,
			);
			path = main;
			sourceTree = "<group>";
		};
		690235B51CF8F91500FEC469 /* controller */ = {
			isa = PBXGroup;
			children = (
				690235B61CF8F91500FEC469 /* ZWTTabBarController.h */,
				690235B71CF8F91500FEC469 /* ZWTTabBarController.m */,
			);
			path = controller;
			sourceTree = "<group>";
		};
		690235B81CF8F91500FEC469 /* model */ = {
			isa = PBXGroup;
			children = (
			);
			path = model;
			sourceTree = "<group>";
		};
		690235B91CF8F91500FEC469 /* view */ = {
			isa = PBXGroup;
			children = (
				690235BA1CF8F91500FEC469 /* ZWTBadgeView.h */,
				690235BB1CF8F91500FEC469 /* ZWTBadgeView.m */,
				690235BC1CF8F91500FEC469 /* ZWTTabBar.h */,
				690235BD1CF8F91500FEC469 /* ZWTTabBar.m */,
				690235BE1CF8F91500FEC469 /* ZWTTabbarButton.h */,
				690235BF1CF8F91500FEC469 /* ZWTTabbarButton.m */,
			);
			path = view;
			sourceTree = "<group>";
		};
		690235CE1CF8FB4000FEC469 /* Category */ = {
			isa = PBXGroup;
			children = (
				690235CF1CF8FB4000FEC469 /* UIImage+TX.h */,
				690235D01CF8FB4000FEC469 /* UIImage+TX.m */,
			);
			path = Category;
			sourceTree = "<group>";
		};
/* End PBXGroup section */

/* Begin PBXNativeTarget section */
		6902355D1CF8969200FEC469 /* zhengwutong */ = {
			isa = PBXNativeTarget;
			buildConfigurationList = 6902358B1CF8969200FEC469 /* Build configuration list for PBXNativeTarget "zhengwutong" */;
			buildPhases = (
				6902355A1CF8969200FEC469 /* Sources */,
				6902355B1CF8969200FEC469 /* Frameworks */,
				6902355C1CF8969200FEC469 /* Resources */,
			);
			buildRules = (
			);
			dependencies = (
			);
			name = zhengwutong;
			productName = zhengwutong;
			productReference = 6902355E1CF8969200FEC469 /* zhengwutong.app */;
			productType = "com.apple.product-type.application";
		};
		690235761CF8969200FEC469 /* zhengwutongTests */ = {
			isa = PBXNativeTarget;
			buildConfigurationList = 6902358E1CF8969200FEC469 /* Build configuration list for PBXNativeTarget "zhengwutongTests" */;
			buildPhases = (
				690235731CF8969200FEC469 /* Sources */,
				690235741CF8969200FEC469 /* Frameworks */,
				690235751CF8969200FEC469 /* Resources */,
			);
			buildRules = (
			);
			dependencies = (
				690235791CF8969200FEC469 /* PBXTargetDependency */,
			);
			name = zhengwutongTests;
			productName = zhengwutongTests;
			productReference = 690235771CF8969200FEC469 /* zhengwutongTests.xctest */;
			productType = "com.apple.product-type.bundle.unit-test";
		};
		690235811CF8969200FEC469 /* zhengwutongUITests */ = {
			isa = PBXNativeTarget;
			buildConfigurationList = 690235911CF8969200FEC469 /* Build configuration list for PBXNativeTarget "zhengwutongUITests" */;
			buildPhases = (
				6902357E1CF8969200FEC469 /* Sources */,
				6902357F1CF8969200FEC469 /* Frameworks */,
				690235801CF8969200FEC469 /* Resources */,
			);
			buildRules = (
			);
			dependencies = (
				690235841CF8969200FEC469 /* PBXTargetDependency */,
			);
			name = zhengwutongUITests;
			productName = zhengwutongUITests;
			productReference = 690235821CF8969200FEC469 /* zhengwutongUITests.xctest */;
			productType = "com.apple.product-type.bundle.ui-testing";
		};
/* End PBXNativeTarget section */

/* Begin PBXProject section */
		690235561CF8969200FEC469 /* Project object */ = {
			isa = PBXProject;
			attributes = {
				CLASSPREFIX = ZWT;
				LastUpgradeCheck = 0730;
				ORGANIZATIONNAME = leqimin;
				TargetAttributes = {
					6902355D1CF8969200FEC469 = {
						CreatedOnToolsVersion = 7.3.1;
						DevelopmentTeam = DQBAH3U3L8;
					};
					690235761CF8969200FEC469 = {
						CreatedOnToolsVersion = 7.3.1;
						TestTargetID = 6902355D1CF8969200FEC469;
					};
					690235811CF8969200FEC469 = {
						CreatedOnToolsVersion = 7.3.1;
						TestTargetID = 6902355D1CF8969200FEC469;
					};
				};
			};
			buildConfigurationList = 690235591CF8969200FEC469 /* Build configuration list for PBXProject "zhengwutong" */;
			compatibilityVersion = "Xcode 3.2";
			developmentRegion = English;
			hasScannedForEncodings = 0;
			knownRegions = (
				en,
				Base,
			);
			mainGroup = 690235551CF8969200FEC469;
			productRefGroup = 6902355F1CF8969200FEC469 /* Products */;
			projectDirPath = "";
			projectRoot = "";
			targets = (
				6902355D1CF8969200FEC469 /* zhengwutong */,
				690235761CF8969200FEC469 /* zhengwutongTests */,
				690235811CF8969200FEC469 /* zhengwutongUITests */,
			);
		};
/* End PBXProject section */

/* Begin PBXResourcesBuildPhase section */
		6902355C1CF8969200FEC469 /* Resources */ = {
			isa = PBXResourcesBuildPhase;
			buildActionMask = 2147483647;
			files = (
				6902356E1CF8969200FEC469 /* Assets.xcassets in Resources */,
				690235F61CF8FEFE00FEC469 /* ZWTSearchTableViewController.xib in Resources */,
				690235E41CF8FEC100FEC469 /* ZWTInteractionTableViewController.xib in Resources */,
				690235ED1CF8FEEA00FEC469 /* ZWTNotificationTableViewController.xib in Resources */,
				690235DB1CF8FE5400FEC469 /* ZWTCurriculumTableViewController.xib in Resources */,
			);
			runOnlyForDeploymentPostprocessing = 0;
		};
		690235751CF8969200FEC469 /* Resources */ = {
			isa = PBXResourcesBuildPhase;
			buildActionMask = 2147483647;
			files = (
				690235EE1CF8FEEA00FEC469 /* ZWTNotificationTableViewController.xib in Resources */,
				690235E51CF8FEC100FEC469 /* ZWTInteractionTableViewController.xib in Resources */,
				690235F71CF8FEFE00FEC469 /* ZWTSearchTableViewController.xib in Resources */,
				690235DC1CF8FE5400FEC469 /* ZWTCurriculumTableViewController.xib in Resources */,
			);
			runOnlyForDeploymentPostprocessing = 0;
		};
		690235801CF8969200FEC469 /* Resources */ = {
			isa = PBXResourcesBuildPhase;
			buildActionMask = 2147483647;
			files = (
				690235EF1CF8FEEA00FEC469 /* ZWTNotificationTableViewController.xib in Resources */,
				690235E61CF8FEC100FEC469 /* ZWTInteractionTableViewController.xib in Resources */,
				690235F81CF8FEFE00FEC469 /* ZWTSearchTableViewController.xib in Resources */,
				690235DD1CF8FE5400FEC469 /* ZWTCurriculumTableViewController.xib in Resources */,
			);
			runOnlyForDeploymentPostprocessing = 0;
		};
/* End PBXResourcesBuildPhase section */

/* Begin PBXSourcesBuildPhase section */
		6902355A1CF8969200FEC469 /* Sources */ = {
			isa = PBXSourcesBuildPhase;
			buildActionMask = 2147483647;
			files = (
				690235FA1CF902A700FEC469 /* AppDelegate.m in Sources */,
				690235D81CF8FE5400FEC469 /* ZWTCurriculumTableViewController.m in Sources */,
				690235F31CF8FEFE00FEC469 /* ZWTSearchTableViewController.m in Sources */,
				690235B11CF8F8D600FEC469 /* main.m in Sources */,
				690235E11CF8FEC100FEC469 /* ZWTInteractionTableViewController.m in Sources */,
				690235EA1CF8FEEA00FEC469 /* ZWTNotificationTableViewController.m in Sources */,
				690235C61CF8F91500FEC469 /* ZWTTabBar.m in Sources */,
				690235C31CF8F91500FEC469 /* ZWTBadgeView.m in Sources */,
				690235C01CF8F91500FEC469 /* ZWTTabBarController.m in Sources */,
				690235D11CF8FB4000FEC469 /* UIImage+TX.m in Sources */,
				690235C91CF8F91500FEC469 /* ZWTTabbarButton.m in Sources */,
			);
			runOnlyForDeploymentPostprocessing = 0;
		};
		690235731CF8969200FEC469 /* Sources */ = {
			isa = PBXSourcesBuildPhase;
			buildActionMask = 2147483647;
			files = (
				690235AF1CF8F8D600FEC469 /* AppDelegate.m in Sources */,
				690235B21CF8F8D600FEC469 /* main.m in Sources */,
				690235EB1CF8FEEA00FEC469 /* ZWTNotificationTableViewController.m in Sources */,
				6902357C1CF8969200FEC469 /* zhengwutongTests.m in Sources */,
				690235C71CF8F91500FEC469 /* ZWTTabBar.m in Sources */,
				690235E21CF8FEC100FEC469 /* ZWTInteractionTableViewController.m in Sources */,
				690235C41CF8F91500FEC469 /* ZWTBadgeView.m in Sources */,
				690235F41CF8FEFE00FEC469 /* ZWTSearchTableViewController.m in Sources */,
				690235C11CF8F91500FEC469 /* ZWTTabBarController.m in Sources */,
				690235CA1CF8F91500FEC469 /* ZWTTabbarButton.m in Sources */,
				690235D91CF8FE5400FEC469 /* ZWTCurriculumTableViewController.m in Sources */,
				690235D21CF8FB4000FEC469 /* UIImage+TX.m in Sources */,
			);
			runOnlyForDeploymentPostprocessing = 0;
		};
		6902357E1CF8969200FEC469 /* Sources */ = {
			isa = PBXSourcesBuildPhase;
			buildActionMask = 2147483647;
			files = (
				690235B01CF8F8D600FEC469 /* AppDelegate.m in Sources */,
				690235B31CF8F8D600FEC469 /* main.m in Sources */,
				690235EC1CF8FEEA00FEC469 /* ZWTNotificationTableViewController.m in Sources */,
				690235871CF8969200FEC469 /* zhengwutongUITests.m in Sources */,
				690235C81CF8F91500FEC469 /* ZWTTabBar.m in Sources */,
				690235E31CF8FEC100FEC469 /* ZWTInteractionTableViewController.m in Sources */,
				690235C51CF8F91500FEC469 /* ZWTBadgeView.m in Sources */,
				690235F51CF8FEFE00FEC469 /* ZWTSearchTableViewController.m in Sources */,
				690235C21CF8F91500FEC469 /* ZWTTabBarController.m in Sources */,
				690235CB1CF8F91500FEC469 /* ZWTTabbarButton.m in Sources */,
				690235DA1CF8FE5400FEC469 /* ZWTCurriculumTableViewController.m in Sources */,
				690235D31CF8FB4000FEC469 /* UIImage+TX.m in Sources */,
			);
			runOnlyForDeploymentPostprocessing = 0;
		};
/* End PBXSourcesBuildPhase section */

/* Begin PBXTargetDependency section */
		690235791CF8969200FEC469 /* PBXTargetDependency */ = {
			isa = PBXTargetDependency;
			target = 6902355D1CF8969200FEC469 /* zhengwutong */;
			targetProxy = 690235781CF8969200FEC469 /* PBXContainerItemProxy */;
		};
		690235841CF8969200FEC469 /* PBXTargetDependency */ = {
			isa = PBXTargetDependency;
			target = 6902355D1CF8969200FEC469 /* zhengwutong */;
			targetProxy = 690235831CF8969200FEC469 /* PBXContainerItemProxy */;
		};
/* End PBXTargetDependency section */

/* Begin XCBuildConfiguration section */
		690235891CF8969200FEC469 /* Debug */ = {
			isa = XCBuildConfiguration;
			buildSettings = {
				ALWAYS_SEARCH_USER_PATHS = NO;
				CLANG_ANALYZER_NONNULL = YES;
				CLANG_CXX_LANGUAGE_STANDARD = "gnu++0x";
				CLANG_CXX_LIBRARY = "libc++";
				CLANG_ENABLE_MODULES = YES;
				CLANG_ENABLE_OBJC_ARC = YES;
				CLANG_WARN_BOOL_CONVERSION = YES;
				CLANG_WARN_CONSTANT_CONVERSION = YES;
				CLANG_WARN_DIRECT_OBJC_ISA_USAGE = YES_ERROR;
				CLANG_WARN_EMPTY_BODY = YES;
				CLANG_WARN_ENUM_CONVERSION = YES;
				CLANG_WARN_INT_CONVERSION = YES;
				CLANG_WARN_OBJC_ROOT_CLASS = YES_ERROR;
				CLANG_WARN_UNREACHABLE_CODE = YES;
				CLANG_WARN__DUPLICATE_METHOD_MATCH = YES;
				"CODE_SIGN_IDENTITY[sdk=iphoneos*]" = "iPhone Developer";
				COPY_PHASE_STRIP = NO;
				DEBUG_INFORMATION_FORMAT = dwarf;
				ENABLE_STRICT_OBJC_MSGSEND = YES;
				ENABLE_TESTABILITY = YES;
				GCC_C_LANGUAGE_STANDARD = gnu99;
				GCC_DYNAMIC_NO_PIC = NO;
				GCC_NO_COMMON_BLOCKS = YES;
				GCC_OPTIMIZATION_LEVEL = 0;
				GCC_PREFIX_HEADER = "zhengwutong/zhengwutong-Prefix.pch";
				GCC_PREPROCESSOR_DEFINITIONS = (
					"DEBUG=1",
					"$(inherited)",
				);
				GCC_WARN_64_TO_32_BIT_CONVERSION = YES;
				GCC_WARN_ABOUT_RETURN_TYPE = YES_ERROR;
				GCC_WARN_UNDECLARED_SELECTOR = YES;
				GCC_WARN_UNINITIALIZED_AUTOS = YES_AGGRESSIVE;
				GCC_WARN_UNUSED_FUNCTION = YES;
				GCC_WARN_UNUSED_VARIABLE = YES;
				IPHONEOS_DEPLOYMENT_TARGET = 9.3;
				MTL_ENABLE_DEBUG_INFO = YES;
				ONLY_ACTIVE_ARCH = YES;
				SDKROOT = iphoneos;
			};
			name = Debug;
		};
		6902358A1CF8969200FEC469 /* Release */ = {
			isa = XCBuildConfiguration;
			buildSettings = {
				ALWAYS_SEARCH_USER_PATHS = NO;
				CLANG_ANALYZER_NONNULL = YES;
				CLANG_CXX_LANGUAGE_STANDARD = "gnu++0x";
				CLANG_CXX_LIBRARY = "libc++";
				CLANG_ENABLE_MODULES = YES;
				CLANG_ENABLE_OBJC_ARC = YES;
				CLANG_WARN_BOOL_CONVERSION = YES;
				CLANG_WARN_CONSTANT_CONVERSION = YES;
				CLANG_WARN_DIRECT_OBJC_ISA_USAGE = YES_ERROR;
				CLANG_WARN_EMPTY_BODY = YES;
				CLANG_WARN_ENUM_CONVERSION = YES;
				CLANG_WARN_INT_CONVERSION = YES;
				CLANG_WARN_OBJC_ROOT_CLASS = YES_ERROR;
				CLANG_WARN_UNREACHABLE_CODE = YES;
				CLANG_WARN__DUPLICATE_METHOD_MATCH = YES;
				"CODE_SIGN_IDENTITY[sdk=iphoneos*]" = "iPhone Developer";
				COPY_PHASE_STRIP = NO;
				DEBUG_INFORMATION_FORMAT = "dwarf-with-dsym";
				ENABLE_NS_ASSERTIONS = NO;
				ENABLE_STRICT_OBJC_MSGSEND = YES;
				GCC_C_LANGUAGE_STANDARD = gnu99;
				GCC_NO_COMMON_BLOCKS = YES;
				GCC_PREFIX_HEADER = "zhengwutong/zhengwutong-Prefix.pch";
				GCC_WARN_64_TO_32_BIT_CONVERSION = YES;
				GCC_WARN_ABOUT_RETURN_TYPE = YES_ERROR;
				GCC_WARN_UNDECLARED_SELECTOR = YES;
				GCC_WARN_UNINITIALIZED_AUTOS = YES_AGGRESSIVE;
				GCC_WARN_UNUSED_FUNCTION = YES;
				GCC_WARN_UNUSED_VARIABLE = YES;
				IPHONEOS_DEPLOYMENT_TARGET = 9.3;
				MTL_ENABLE_DEBUG_INFO = NO;
				SDKROOT = iphoneos;
				VALIDATE_PRODUCT = YES;
			};
			name = Release;
		};
		6902358C1CF8969200FEC469 /* Debug */ = {
			isa = XCBuildConfiguration;
			buildSettings = {
				ASSETCATALOG_COMPILER_APPICON_NAME = AppIcon;
				CODE_SIGN_IDENTITY = "iPhone Developer";
				"CODE_SIGN_IDENTITY[sdk=iphoneos*]" = "iPhone Developer";
				GCC_PREFIX_HEADER = "zhengwutong/Classes/other/zhengwutong-Prifix.pch";
				INFOPLIST_FILE = zhengwutong/Info.plist;
				LD_RUNPATH_SEARCH_PATHS = "$(inherited) @executable_path/Frameworks";
				PRODUCT_BUNDLE_IDENTIFIER = leqimin.zhengwutong;
				PRODUCT_NAME = "$(TARGET_NAME)";
				PROVISIONING_PROFILE = "";
			};
			name = Debug;
		};
		6902358D1CF8969200FEC469 /* Release */ = {
			isa = XCBuildConfiguration;
			buildSettings = {
				ASSETCATALOG_COMPILER_APPICON_NAME = AppIcon;
				CODE_SIGN_IDENTITY = "iPhone Developer";
				"CODE_SIGN_IDENTITY[sdk=iphoneos*]" = "iPhone Developer";
				GCC_PREFIX_HEADER = "zhengwutong/Classes/other/zhengwutong-Prifix.pch";
				INFOPLIST_FILE = zhengwutong/Info.plist;
				LD_RUNPATH_SEARCH_PATHS = "$(inherited) @executable_path/Frameworks";
				PRODUCT_BUNDLE_IDENTIFIER = leqimin.zhengwutong;
				PRODUCT_NAME = "$(TARGET_NAME)";
				PROVISIONING_PROFILE = "";
			};
			name = Release;
		};
		6902358F1CF8969200FEC469 /* Debug */ = {
			isa = XCBuildConfiguration;
			buildSettings = {
				BUNDLE_LOADER = "$(TEST_HOST)";
				INFOPLIST_FILE = zhengwutongTests/Info.plist;
				LD_RUNPATH_SEARCH_PATHS = "$(inherited) @executable_path/Frameworks @loader_path/Frameworks";
				PRODUCT_BUNDLE_IDENTIFIER = leqimin.zhengwutongTests;
				PRODUCT_NAME = "$(TARGET_NAME)";
				TEST_HOST = "$(BUILT_PRODUCTS_DIR)/zhengwutong.app/zhengwutong";
			};
			name = Debug;
		};
		690235901CF8969200FEC469 /* Release */ = {
			isa = XCBuildConfiguration;
			buildSettings = {
				BUNDLE_LOADER = "$(TEST_HOST)";
				INFOPLIST_FILE = zhengwutongTests/Info.plist;
				LD_RUNPATH_SEARCH_PATHS = "$(inherited) @executable_path/Frameworks @loader_path/Frameworks";
				PRODUCT_BUNDLE_IDENTIFIER = leqimin.zhengwutongTests;
				PRODUCT_NAME = "$(TARGET_NAME)";
				TEST_HOST = "$(BUILT_PRODUCTS_DIR)/zhengwutong.app/zhengwutong";
			};
			name = Release;
		};
		690235921CF8969200FEC469 /* Debug */ = {
			isa = XCBuildConfiguration;
			buildSettings = {
				INFOPLIST_FILE = zhengwutongUITests/Info.plist;
				LD_RUNPATH_SEARCH_PATHS = "$(inherited) @executable_path/Frameworks @loader_path/Frameworks";
				PRODUCT_BUNDLE_IDENTIFIER = leqimin.zhengwutongUITests;
				PRODUCT_NAME = "$(TARGET_NAME)";
				TEST_TARGET_NAME = zhengwutong;
			};
			name = Debug;
		};
		690235931CF8969200FEC469 /* Release */ = {
			isa = XCBuildConfiguration;
			buildSettings = {
				INFOPLIST_FILE = zhengwutongUITests/Info.plist;
				LD_RUNPATH_SEARCH_PATHS = "$(inherited) @executable_path/Frameworks @loader_path/Frameworks";
				PRODUCT_BUNDLE_IDENTIFIER = leqimin.zhengwutongUITests;
				PRODUCT_NAME = "$(TARGET_NAME)";
				TEST_TARGET_NAME = zhengwutong;
			};
			name = Release;
		};
/* End XCBuildConfiguration section */

/* Begin XCConfigurationList section */
		690235591CF8969200FEC469 /* Build configuration list for PBXProject "zhengwutong" */ = {
			isa = XCConfigurationList;
			buildConfigurations = (
				690235891CF8969200FEC469 /* Debug */,
				6902358A1CF8969200FEC469 /* Release */,
			);
			defaultConfigurationIsVisible = 0;
			defaultConfigurationName = Release;
		};
		6902358B1CF8969200FEC469 /* Build configuration list for PBXNativeTarget "zhengwutong" */ = {
			isa = XCConfigurationList;
			buildConfigurations = (
				6902358C1CF8969200FEC469 /* Debug */,
				6902358D1CF8969200FEC469 /* Release */,
			);
			defaultConfigurationIsVisible = 0;
			defaultConfigurationName = Release;
		};
		6902358E1CF8969200FEC469 /* Build configuration list for PBXNativeTarget "zhengwutongTests" */ = {
			isa = XCConfigurationList;
			buildConfigurations = (
				6902358F1CF8969200FEC469 /* Debug */,
				690235901CF8969200FEC469 /* Release */,
			);
			defaultConfigurationIsVisible = 0;
			defaultConfigurationName = Release;
		};
		690235911CF8969200FEC469 /* Build configuration list for PBXNativeTarget "zhengwutongUITests" */ = {
			isa = XCConfigurationList;
			buildConfigurations = (
				690235921CF8969200FEC469 /* Debug */,
				690235931CF8969200FEC469 /* Release */,
			);
			defaultConfigurationIsVisible = 0;
			defaultConfigurationName = Release;
		};
/* End XCConfigurationList section */
	};
	rootObject = 690235561CF8969200FEC469 /* Project object */;
}
